// !$*UTF8*$!
{
	archiveVersion = 1;
	classes = {
	};
	objectVersion = 46;
	objects = {

/* Begin PBXBuildFile section */
		C30428981F2AB4CA00554643 /* AppDelegate.swift in Sources */ = {isa = PBXBuildFile; fileRef = C30428971F2AB4CA00554643 /* AppDelegate.swift */; };
		C304289A1F2AB4CA00554643 /* GPACalculatorViewController.swift in Sources */ = {isa = PBXBuildFile; fileRef = C30428991F2AB4CA00554643 /* GPACalculatorViewController.swift */; };
		C304289D1F2AB4CA00554643 /* Main.storyboard in Resources */ = {isa = PBXBuildFile; fileRef = C304289B1F2AB4CA00554643 /* Main.storyboard */; };
		C30428A21F2AB4CA00554643 /* Assets.xcassets in Resources */ = {isa = PBXBuildFile; fileRef = C30428A11F2AB4CA00554643 /* Assets.xcassets */; };
		C30428A51F2AB4CA00554643 /* LaunchScreen.storyboard in Resources */ = {isa = PBXBuildFile; fileRef = C30428A31F2AB4CA00554643 /* LaunchScreen.storyboard */; };
		C30428AD1F2AB79C00554643 /* AddClassViewController.swift in Sources */ = {isa = PBXBuildFile; fileRef = C30428AC1F2AB79C00554643 /* AddClassViewController.swift */; };
		C30428AF1F2AB82700554643 /* GPACalculatorModel.swift in Sources */ = {isa = PBXBuildFile; fileRef = C30428AE1F2AB82700554643 /* GPACalculatorModel.swift */; };
		C30428B11F2C31DD00554643 /* ClassListTableViewCell.swift in Sources */ = {isa = PBXBuildFile; fileRef = C30428B01F2C31DD00554643 /* ClassListTableViewCell.swift */; };
		C3B86A001F2C3A2E0022A9EE /* Utilities.swift in Sources */ = {isa = PBXBuildFile; fileRef = C3B869FF1F2C3A2E0022A9EE /* Utilities.swift */; };
		C3C6BFA51F2D2FB10088EDAC /* CourseListDetailsViewController.swift in Sources */ = {isa = PBXBuildFile; fileRef = C3C6BFA41F2D2FB10088EDAC /* CourseListDetailsViewController.swift */; };
/* End PBXBuildFile section */

/* Begin PBXFileReference section */
		C30428941F2AB4CA00554643 /* GPA Calculator.app */ = {isa = PBXFileReference; explicitFileType = wrapper.application; includeInIndex = 0; path = "GPA Calculator.app"; sourceTree = BUILT_PRODUCTS_DIR; };
		C30428971F2AB4CA00554643 /* AppDelegate.swift */ = {isa = PBXFileReference; lastKnownFileType = sourcecode.swift; path = AppDelegate.swift; sourceTree = "<group>"; };
		C30428991F2AB4CA00554643 /* GPACalculatorViewController.swift */ = {isa = PBXFileReference; lastKnownFileType = sourcecode.swift; path = GPACalculatorViewController.swift; sourceTree = "<group>"; };
		C304289C1F2AB4CA00554643 /* Base */ = {isa = PBXFileReference; lastKnownFileType = file.storyboard; name = Base; path = Base.lproj/Main.storyboard; sourceTree = "<group>"; };
		C30428A11F2AB4CA00554643 /* Assets.xcassets */ = {isa = PBXFileReference; lastKnownFileType = folder.assetcatalog; path = Assets.xcassets; sourceTree = "<group>"; };
		C30428A41F2AB4CA00554643 /* Base */ = {isa = PBXFileReference; lastKnownFileType = file.storyboard; name = Base; path = Base.lproj/LaunchScreen.storyboard; sourceTree = "<group>"; };
		C30428A61F2AB4CA00554643 /* Info.plist */ = {isa = PBXFileReference; lastKnownFileType = text.plist.xml; path = Info.plist; sourceTree = "<group>"; };
		C30428AC1F2AB79C00554643 /* AddClassViewController.swift */ = {isa = PBXFileReference; fileEncoding = 4; lastKnownFileType = sourcecode.swift; path = AddClassViewController.swift; sourceTree = "<group>"; };
		C30428AE1F2AB82700554643 /* GPACalculatorModel.swift */ = {isa = PBXFileReference; fileEncoding = 4; lastKnownFileType = sourcecode.swift; path = GPACalculatorModel.swift; sourceTree = "<group>"; };
		C30428B01F2C31DD00554643 /* ClassListTableViewCell.swift */ = {isa = PBXFileReference; fileEncoding = 4; lastKnownFileType = sourcecode.swift; path = ClassListTableViewCell.swift; sourceTree = "<group>"; };
		C3B869FF1F2C3A2E0022A9EE /* Utilities.swift */ = {isa = PBXFileReference; fileEncoding = 4; lastKnownFileType = sourcecode.swift; path = Utilities.swift; sourceTree = "<group>"; };
		C3C6BFA41F2D2FB10088EDAC /* CourseListDetailsViewController.swift */ = {isa = PBXFileReference; fileEncoding = 4; lastKnownFileType = sourcecode.swift; path = CourseListDetailsViewController.swift; sourceTree = "<group>"; };
/* End PBXFileReference section */

/* Begin PBXFrameworksBuildPhase section */
		C30428911F2AB4CA00554643 /* Frameworks */ = {
			isa = PBXFrameworksBuildPhase;
			buildActionMask = 2147483647;
			files = (
			);
			runOnlyForDeploymentPostprocessing = 0;
		};
/* End PBXFrameworksBuildPhase section */

/* Begin PBXGroup section */
		C304288B1F2AB4CA00554643 = {
			isa = PBXGroup;
			children = (
				C30428961F2AB4CA00554643 /* GPA Calculator */,
				C30428951F2AB4CA00554643 /* Products */,
			);
			sourceTree = "<group>";
		};
		C30428951F2AB4CA00554643 /* Products */ = {
			isa = PBXGroup;
			children = (
				C30428941F2AB4CA00554643 /* GPA Calculator.app */,
			);
			name = Products;
			sourceTree = "<group>";
		};
		C30428961F2AB4CA00554643 /* GPA Calculator */ = {
			isa = PBXGroup;
			children = (
				C30428971F2AB4CA00554643 /* AppDelegate.swift */,
				C30428B01F2C31DD00554643 /* ClassListTableViewCell.swift */,
				C30428AE1F2AB82700554643 /* GPACalculatorModel.swift */,
				C30428991F2AB4CA00554643 /* GPACalculatorViewController.swift */,
				C30428AC1F2AB79C00554643 /* AddClassViewController.swift */,
				C3C6BFA41F2D2FB10088EDAC /* CourseListDetailsViewController.swift */,
				C304289B1F2AB4CA00554643 /* Main.storyboard */,
				C30428A11F2AB4CA00554643 /* Assets.xcassets */,
				C30428A31F2AB4CA00554643 /* LaunchScreen.storyboard */,
				C30428A61F2AB4CA00554643 /* Info.plist */,
				C3B869FF1F2C3A2E0022A9EE /* Utilities.swift */,
			);
			path = "GPA Calculator";
			sourceTree = "<group>";
		};
/* End PBXGroup section */

/* Begin PBXNativeTarget section */
		C30428931F2AB4CA00554643 /* GPA Calculator */ = {
			isa = PBXNativeTarget;
			buildConfigurationList = C30428A91F2AB4CA00554643 /* Build configuration list for PBXNativeTarget "GPA Calculator" */;
			buildPhases = (
				C30428901F2AB4CA00554643 /* Sources */,
				C30428911F2AB4CA00554643 /* Frameworks */,
				C30428921F2AB4CA00554643 /* Resources */,
			);
			buildRules = (
			);
			dependencies = (
			);
			name = "GPA Calculator";
			productName = "GPA Calculator";
			productReference = C30428941F2AB4CA00554643 /* GPA Calculator.app */;
			productType = "com.apple.product-type.application";
		};
/* End PBXNativeTarget section */

/* Begin PBXProject section */
		C304288C1F2AB4CA00554643 /* Project object */ = {
			isa = PBXProject;
			attributes = {
				LastSwiftUpdateCheck = 0820;
				LastUpgradeCheck = 0820;
				ORGANIZATIONNAME = umsl;
				TargetAttributes = {
					C30428931F2AB4CA00554643 = {
						CreatedOnToolsVersion = 8.2;
						DevelopmentTeam = RS9SG27A77;
						ProvisioningStyle = Automatic;
					};
				};
			};
			buildConfigurationList = C304288F1F2AB4CA00554643 /* Build configuration list for PBXProject "GPA Calculator" */;
			compatibilityVersion = "Xcode 3.2";
			developmentRegion = English;
			hasScannedForEncodings = 0;
			knownRegions = (
				en,
				Base,
			);
			mainGroup = C304288B1F2AB4CA00554643;
			productRefGroup = C30428951F2AB4CA00554643 /* Products */;
			projectDirPath = "";
			projectRoot = "";
			targets = (
				C30428931F2AB4CA00554643 /* GPA Calculator */,
			);
		};
/* End PBXProject section */

/* Begin PBXResourcesBuildPhase section */
		C30428921F2AB4CA00554643 /* Resources */ = {
			isa = PBXResourcesBuildPhase;
			buildActionMask = 2147483647;
			files = (
				C30428A51F2AB4CA00554643 /* LaunchScreen.storyboard in Resources */,
				C30428A21F2AB4CA00554643 /* Assets.xcassets in Resources */,
				C304289D1F2AB4CA00554643 /* Main.storyboard in Resources */,
			);
			runOnlyForDeploymentPostprocessing = 0;
		};
/* End PBXResourcesBuildPhase section */

/* Begin PBXSourcesBuildPhase section */
		C30428901F2AB4CA00554643 /* Sources */ = {
			isa = PBXSourcesBuildPhase;
			buildActionMask = 2147483647;
			files = (
				C304289A1F2AB4CA00554643 /* GPACalculatorViewController.swift in Sources */,
				C30428AF1F2AB82700554643 /* GPACalculatorModel.swift in Sources */,
				C3C6BFA51F2D2FB10088EDAC /* CourseListDetailsViewController.swift in Sources */,
				C3B86A001F2C3A2E0022A9EE /* Utilities.swift in Sources */,
				C30428AD1F2AB79C00554643 /* AddClassViewController.swift in Sources */,
				C30428981F2AB4CA00554643 /* AppDelegate.swift in Sources */,
				C30428B11F2C31DD00554643 /* ClassListTableViewCell.swift in Sources */,
			);
			runOnlyForDeploymentPostprocessing = 0;
		};
/* End PBXSourcesBuildPhase section */

/* Begin PBXVariantGroup section */
		C304289B1F2AB4CA00554643 /* Main.storyboard */ = {
			isa = PBXVariantGroup;
			children = (
				C304289C1F2AB4CA00554643 /* Base */,
			);
			name = Main.storyboard;
			sourceTree = "<group>";
		};
		C30428A31F2AB4CA00554643 /* LaunchScreen.storyboard */ = {
			isa = PBXVariantGroup;
			children = (
				C30428A41F2AB4CA00554643 /* Base */,
			);
			name = LaunchScreen.storyboard;
			sourceTree = "<group>";
		};
/* End PBXVariantGroup section */

/* Begin XCBuildConfiguration section */
		C30428A71F2AB4CA00554643 /* Debug */ = {
			isa = XCBuildConfiguration;
			buildSettings = {
				ALWAYS_SEARCH_USER_PATHS = NO;
				CLANG_ANALYZER_NONNULL = YES;
				CLANG_CXX_LANGUAGE_STANDARD = "gnu++0x";
				CLANG_CXX_LIBRARY = "libc++";
				CLANG_ENABLE_MODULES = YES;
				CLANG_ENABLE_OBJC_ARC = YES;
				CLANG_WARN_BOOL_CONVERSION = YES;
				CLANG_WARN_CONSTANT_CONVERSION = YES;
				CLANG_WARN_DIRECT_OBJC_ISA_USAGE = YES_ERROR;
				CLANG_WARN_DOCUMENTATION_COMMENTS = YES;
				CLANG_WARN_EMPTY_BODY = YES;
				CLANG_WARN_ENUM_CONVERSION = YES;
				CLANG_WARN_INFINITE_RECURSION = YES;
				CLANG_WARN_INT_CONVERSION = YES;
				CLANG_WARN_OBJC_ROOT_CLASS = YES_ERROR;
				CLANG_WARN_SUSPICIOUS_MOVE = YES;
				CLANG_WARN_UNREACHABLE_CODE = YES;
				CLANG_WARN__DUPLICATE_METHOD_MATCH = YES;
				"CODE_SIGN_IDENTITY[sdk=iphoneos*]" = "iPhone Developer";
				COPY_PHASE_STRIP = NO;
				DEBUG_INFORMATION_FORMAT = dwarf;
				ENABLE_STRICT_OBJC_MSGSEND = YES;
				ENABLE_TESTABILITY = YES;
				GCC_C_LANGUAGE_STANDARD = gnu99;
				GCC_DYNAMIC_NO_PIC = NO;
				GCC_NO_COMMON_BLOCKS = YES;
				GCC_OPTIMIZATION_LEVEL = 0;
				GCC_PREPROCESSOR_DEFINITIONS = (
					"DEBUG=1",
					"$(inherited)",
				);
				GCC_WARN_64_TO_32_BIT_CONVERSION = YES;
				GCC_WARN_ABOUT_RETURN_TYPE = YES_ERROR;
				GCC_WARN_UNDECLARED_SELECTOR = YES;
				GCC_WARN_UNINITIALIZED_AUTOS = YES_AGGRESSIVE;
				GCC_WARN_UNUSED_FUNCTION = YES;
				GCC_WARN_UNUSED_VARIABLE = YES;
				IPHONEOS_DEPLOYMENT_TARGET = 10.2;
				MTL_ENABLE_DEBUG_INFO = YES;
				ONLY_ACTIVE_ARCH = YES;
				SDKROOT = iphoneos;
				SWIFT_ACTIVE_COMPILATION_CONDITIONS = DEBUG;
				SWIFT_OPTIMIZATION_LEVEL = "-Onone";
			};
			name = Debug;
		};
		C30428A81F2AB4CA00554643 /* Release */ = {
			isa = XCBuildConfiguration;
			buildSettings = {
				ALWAYS_SEARCH_USER_PATHS = NO;
				CLANG_ANALYZER_NONNULL = YES;
				CLANG_CXX_LANGUAGE_STANDARD = "gnu++0x";
				CLANG_CXX_LIBRARY = "libc++";
				CLANG_ENABLE_MODULES = YES;
				CLANG_ENABLE_OBJC_ARC = YES;
				CLANG_WARN_BOOL_CONVERSION = YES;
				CLANG_WARN_CONSTANT_CONVERSION = YES;
				CLANG_WARN_DIRECT_OBJC_ISA_USAGE = YES_ERROR;
				CLANG_WARN_DOCUMENTATION_COMMENTS = YES;
				CLANG_WARN_EMPTY_BODY = YES;
				CLANG_WARN_ENUM_CONVERSION = YES;
				CLANG_WARN_INFINITE_RECURSION = YES;
				CLANG_WARN_INT_CONVERSION = YES;
				CLANG_WARN_OBJC_ROOT_CLASS = YES_ERROR;
				CLANG_WARN_SUSPICIOUS_MOVE = YES;
				CLANG_WARN_UNREACHABLE_CODE = YES;
				CLANG_WARN__DUPLICATE_METHOD_MATCH = YES;
				"CODE_SIGN_IDENTITY[sdk=iphoneos*]" = "iPhone Developer";
				COPY_PHASE_STRIP = NO;
				DEBUG_INFORMATION_FORMAT = "dwarf-with-dsym";
				ENABLE_NS_ASSERTIONS = NO;
				ENABLE_STRICT_OBJC_MSGSEND = YES;
				GCC_C_LANGUAGE_STANDARD = gnu99;
				GCC_NO_COMMON_BLOCKS = YES;
				GCC_WARN_64_TO_32_BIT_CONVERSION = YES;
				GCC_WARN_ABOUT_RETURN_TYPE = YES_ERROR;
				GCC_WARN_UNDECLARED_SELECTOR = YES;
				GCC_WARN_UNINITIALIZED_AUTOS = YES_AGGRESSIVE;
				GCC_WARN_UNUSED_FUNCTION = YES;
				GCC_WARN_UNUSED_VARIABLE = YES;
				IPHONEOS_DEPLOYMENT_TARGET = 10.2;
				MTL_ENABLE_DEBUG_INFO = NO;
				SDKROOT = iphoneos;
				SWIFT_OPTIMIZATION_LEVEL = "-Owholemodule";
				VALIDATE_PRODUCT = YES;
			};
			name = Release;
		};
		C30428AA1F2AB4CA00554643 /* Debug */ = {
			isa = XCBuildConfiguration;
			buildSettings = {
				ASSETCATALOG_COMPILER_APPICON_NAME = AppIcon;
				DEVELOPMENT_TEAM = RS9SG27A77;
				INFOPLIST_FILE = "GPA Calculator/Info.plist";
				LD_RUNPATH_SEARCH_PATHS = "$(inherited) @executable_path/Frameworks";
				PRODUCT_BUNDLE_IDENTIFIER = "umsl.GPA-Calculator";
				PRODUCT_NAME = "$(TARGET_NAME)";
				SWIFT_VERSION = 3.0;
			};
			name = Debug;
		};
		C30428AB1F2AB4CA00554643 /* Release */ = {
			isa = XCBuildConfiguration;
			buildSettings = {
				ASSETCATALOG_COMPILER_APPICON_NAME = AppIcon;
				DEVELOPMENT_TEAM = RS9SG27A77;
				INFOPLIST_FILE = "GPA Calculator/Info.plist";
				LD_RUNPATH_SEARCH_PATHS = "$(inherited) @executable_path/Frameworks";
				PRODUCT_BUNDLE_IDENTIFIER = "umsl.GPA-Calculator";
				PRODUCT_NAME = "$(TARGET_NAME)";
				SWIFT_VERSION = 3.0;
			};
			name = Release;
		};
/* End XCBuildConfiguration section */

/* Begin XCConfigurationList section */
		C304288F1F2AB4CA00554643 /* Build configuration list for PBXProject "GPA Calculator" */ = {
			isa = XCConfigurationList;
			buildConfigurations = (
				C30428A71F2AB4CA00554643 /* Debug */,
				C30428A81F2AB4CA00554643 /* Release */,
			);
			defaultConfigurationIsVisible = 0;
			defaultConfigurationName = Release;
		};
		C30428A91F2AB4CA00554643 /* Build configuration list for PBXNativeTarget "GPA Calculator" */ = {
			isa = XCConfigurationList;
			buildConfigurations = (
				C30428AA1F2AB4CA00554643 /* Debug */,
				C30428AB1F2AB4CA00554643 /* Release */,
			);
			defaultConfigurationIsVisible = 0;
			defaultConfigurationName = Release;
		};
/* End XCConfigurationList section */
	};
	rootObject = C304288C1F2AB4CA00554643 /* Project object */;
}
